// !$*UTF8*$!
{
	archiveVersion = 1;
	classes = {
	};
	objectVersion = 46;
	objects = {

/* Begin PBXBuildFile section */
		0837EBCBC46408CC523423BB /* Pods_estimoteSensorsTests.framework in Frameworks */ = {isa = PBXBuildFile; fileRef = CCA9693B9C150481BD06C2E4 /* Pods_estimoteSensorsTests.framework */; };
		CE0A7BBE1F183A6F00541727 /* LoginViewControllerEstimote.swift in Sources */ = {isa = PBXBuildFile; fileRef = CE0A7BBD1F183A6F00541727 /* LoginViewControllerEstimote.swift */; };
		CE2A3F691F182F1600D89651 /* GoogleService-Info.plist in Resources */ = {isa = PBXBuildFile; fileRef = CE2A3F681F182F1600D89651 /* GoogleService-Info.plist */; };
		CE4EB65E1F16C691000FF48B /* NearableInformation.swift in Sources */ = {isa = PBXBuildFile; fileRef = CE4EB65D1F16C691000FF48B /* NearableInformation.swift */; };
		CE5055641EFDF17400F596DB /* AppDelegate.swift in Sources */ = {isa = PBXBuildFile; fileRef = CE5055631EFDF17400F596DB /* AppDelegate.swift */; };
		CE5055661EFDF17400F596DB /* ViewController.swift in Sources */ = {isa = PBXBuildFile; fileRef = CE5055651EFDF17400F596DB /* ViewController.swift */; };
		CE5055691EFDF17400F596DB /* Main.storyboard in Resources */ = {isa = PBXBuildFile; fileRef = CE5055671EFDF17400F596DB /* Main.storyboard */; };
		CE50556C1EFDF17400F596DB /* estimoteSensors.xcdatamodeld in Sources */ = {isa = PBXBuildFile; fileRef = CE50556A1EFDF17400F596DB /* estimoteSensors.xcdatamodeld */; };
		CE50556E1EFDF17400F596DB /* Assets.xcassets in Resources */ = {isa = PBXBuildFile; fileRef = CE50556D1EFDF17400F596DB /* Assets.xcassets */; };
		CE5055711EFDF17400F596DB /* LaunchScreen.storyboard in Resources */ = {isa = PBXBuildFile; fileRef = CE50556F1EFDF17400F596DB /* LaunchScreen.storyboard */; };
		CE50557C1EFDF17400F596DB /* estimoteSensorsTests.swift in Sources */ = {isa = PBXBuildFile; fileRef = CE50557B1EFDF17400F596DB /* estimoteSensorsTests.swift */; };
		CE5055871EFDF17400F596DB /* estimoteSensorsUITests.swift in Sources */ = {isa = PBXBuildFile; fileRef = CE5055861EFDF17400F596DB /* estimoteSensorsUITests.swift */; };
		CE65B2D81F27AFDB0076423D /* RangeViewController.swift in Sources */ = {isa = PBXBuildFile; fileRef = CE65B2D71F27AFDB0076423D /* RangeViewController.swift */; };
		CE65B2DA1F2814840076423D /* nearableData.swift in Sources */ = {isa = PBXBuildFile; fileRef = CE65B2D91F2814840076423D /* nearableData.swift */; };
		CE65B2DC1F2A6C0E0076423D /* DebugTableViewCell.swift in Sources */ = {isa = PBXBuildFile; fileRef = CE65B2DB1F2A6C0E0076423D /* DebugTableViewCell.swift */; };
		CEEA0E441F33189000D9954B /* ModelFunctions.swift in Sources */ = {isa = PBXBuildFile; fileRef = CEEA0E431F33189000D9954B /* ModelFunctions.swift */; };
		CEFEAA851F3D8A4E00A2795F /* comments.swift in Sources */ = {isa = PBXBuildFile; fileRef = CEFEAA841F3D8A4E00A2795F /* comments.swift */; };
		F1EF73875AF92F9C46EC79F4 /* Pods_estimoteSensors.framework in Frameworks */ = {isa = PBXBuildFile; fileRef = 214817F5785E1026EE459673 /* Pods_estimoteSensors.framework */; };
		F89056C586018BE303FFF764 /* Pods_estimoteSensorsUITests.framework in Frameworks */ = {isa = PBXBuildFile; fileRef = 610F555B9B8488CB8D95AE14 /* Pods_estimoteSensorsUITests.framework */; };
/* End PBXBuildFile section */

/* Begin PBXContainerItemProxy section */
		CE5055781EFDF17400F596DB /* PBXContainerItemProxy */ = {
			isa = PBXContainerItemProxy;
			containerPortal = CE5055581EFDF17400F596DB /* Project object */;
			proxyType = 1;
			remoteGlobalIDString = CE50555F1EFDF17400F596DB;
			remoteInfo = estimoteSensors;
		};
		CE5055831EFDF17400F596DB /* PBXContainerItemProxy */ = {
			isa = PBXContainerItemProxy;
			containerPortal = CE5055581EFDF17400F596DB /* Project object */;
			proxyType = 1;
			remoteGlobalIDString = CE50555F1EFDF17400F596DB;
			remoteInfo = estimoteSensors;
		};
/* End PBXContainerItemProxy section */

/* Begin PBXFileReference section */
		07BA87567874460F6F1949C9 /* Pods-estimoteSensors.debug.xcconfig */ = {isa = PBXFileReference; includeInIndex = 1; lastKnownFileType = text.xcconfig; name = "Pods-estimoteSensors.debug.xcconfig"; path = "Pods/Target Support Files/Pods-estimoteSensors/Pods-estimoteSensors.debug.xcconfig"; sourceTree = "<group>"; };
		214817F5785E1026EE459673 /* Pods_estimoteSensors.framework */ = {isa = PBXFileReference; explicitFileType = wrapper.framework; includeInIndex = 0; path = Pods_estimoteSensors.framework; sourceTree = BUILT_PRODUCTS_DIR; };
		4E8A5464F8375A3B14BAB7A7 /* Pods-estimoteSensorsUITests.release.xcconfig */ = {isa = PBXFileReference; includeInIndex = 1; lastKnownFileType = text.xcconfig; name = "Pods-estimoteSensorsUITests.release.xcconfig"; path = "Pods/Target Support Files/Pods-estimoteSensorsUITests/Pods-estimoteSensorsUITests.release.xcconfig"; sourceTree = "<group>"; };
		572A49E9A6FFC16F32938524 /* Pods-estimoteSensorsTests.release.xcconfig */ = {isa = PBXFileReference; includeInIndex = 1; lastKnownFileType = text.xcconfig; name = "Pods-estimoteSensorsTests.release.xcconfig"; path = "Pods/Target Support Files/Pods-estimoteSensorsTests/Pods-estimoteSensorsTests.release.xcconfig"; sourceTree = "<group>"; };
		604E6F3275AD0809D5EB3BC7 /* Pods-estimoteSensors.release.xcconfig */ = {isa = PBXFileReference; includeInIndex = 1; lastKnownFileType = text.xcconfig; name = "Pods-estimoteSensors.release.xcconfig"; path = "Pods/Target Support Files/Pods-estimoteSensors/Pods-estimoteSensors.release.xcconfig"; sourceTree = "<group>"; };
		610F555B9B8488CB8D95AE14 /* Pods_estimoteSensorsUITests.framework */ = {isa = PBXFileReference; explicitFileType = wrapper.framework; includeInIndex = 0; path = Pods_estimoteSensorsUITests.framework; sourceTree = BUILT_PRODUCTS_DIR; };
		64CC7D076CB51F2D3D71B1C3 /* Pods-estimoteSensorsUITests.debug.xcconfig */ = {isa = PBXFileReference; includeInIndex = 1; lastKnownFileType = text.xcconfig; name = "Pods-estimoteSensorsUITests.debug.xcconfig"; path = "Pods/Target Support Files/Pods-estimoteSensorsUITests/Pods-estimoteSensorsUITests.debug.xcconfig"; sourceTree = "<group>"; };
		71D28950B7EC4D740BB6C568 /* Pods-estimoteSensorsTests.debug.xcconfig */ = {isa = PBXFileReference; includeInIndex = 1; lastKnownFileType = text.xcconfig; name = "Pods-estimoteSensorsTests.debug.xcconfig"; path = "Pods/Target Support Files/Pods-estimoteSensorsTests/Pods-estimoteSensorsTests.debug.xcconfig"; sourceTree = "<group>"; };
		CCA9693B9C150481BD06C2E4 /* Pods_estimoteSensorsTests.framework */ = {isa = PBXFileReference; explicitFileType = wrapper.framework; includeInIndex = 0; path = Pods_estimoteSensorsTests.framework; sourceTree = BUILT_PRODUCTS_DIR; };
		CE0A7BBD1F183A6F00541727 /* LoginViewControllerEstimote.swift */ = {isa = PBXFileReference; fileEncoding = 4; lastKnownFileType = sourcecode.swift; path = LoginViewControllerEstimote.swift; sourceTree = "<group>"; };
		CE0BDBC71F01852E00D4FFFD /* ObjCBridge.h */ = {isa = PBXFileReference; lastKnownFileType = sourcecode.c.h; path = ObjCBridge.h; sourceTree = "<group>"; };
		CE2A3F681F182F1600D89651 /* GoogleService-Info.plist */ = {isa = PBXFileReference; fileEncoding = 4; lastKnownFileType = text.plist.xml; path = "GoogleService-Info.plist"; sourceTree = "<group>"; };
		CE4EB65D1F16C691000FF48B /* NearableInformation.swift */ = {isa = PBXFileReference; fileEncoding = 4; lastKnownFileType = sourcecode.swift; path = NearableInformation.swift; sourceTree = "<group>"; };
		CE5055601EFDF17400F596DB /* estimoteSensors.app */ = {isa = PBXFileReference; explicitFileType = wrapper.application; includeInIndex = 0; path = estimoteSensors.app; sourceTree = BUILT_PRODUCTS_DIR; };
		CE5055631EFDF17400F596DB /* AppDelegate.swift */ = {isa = PBXFileReference; lastKnownFileType = sourcecode.swift; path = AppDelegate.swift; sourceTree = "<group>"; };
		CE5055651EFDF17400F596DB /* ViewController.swift */ = {isa = PBXFileReference; lastKnownFileType = sourcecode.swift; path = ViewController.swift; sourceTree = "<group>"; };
		CE5055681EFDF17400F596DB /* Base */ = {isa = PBXFileReference; lastKnownFileType = file.storyboard; name = Base; path = Base.lproj/Main.storyboard; sourceTree = "<group>"; };
		CE50556B1EFDF17400F596DB /* estimoteSensors.xcdatamodel */ = {isa = PBXFileReference; lastKnownFileType = wrapper.xcdatamodel; path = estimoteSensors.xcdatamodel; sourceTree = "<group>"; };
		CE50556D1EFDF17400F596DB /* Assets.xcassets */ = {isa = PBXFileReference; lastKnownFileType = folder.assetcatalog; path = Assets.xcassets; sourceTree = "<group>"; };
		CE5055701EFDF17400F596DB /* Base */ = {isa = PBXFileReference; lastKnownFileType = file.storyboard; name = Base; path = Base.lproj/LaunchScreen.storyboard; sourceTree = "<group>"; };
		CE5055721EFDF17400F596DB /* Info.plist */ = {isa = PBXFileReference; lastKnownFileType = text.plist.xml; path = Info.plist; sourceTree = "<group>"; };
		CE5055771EFDF17400F596DB /* estimoteSensorsTests.xctest */ = {isa = PBXFileReference; explicitFileType = wrapper.cfbundle; includeInIndex = 0; path = estimoteSensorsTests.xctest; sourceTree = BUILT_PRODUCTS_DIR; };
		CE50557B1EFDF17400F596DB /* estimoteSensorsTests.swift */ = {isa = PBXFileReference; lastKnownFileType = sourcecode.swift; path = estimoteSensorsTests.swift; sourceTree = "<group>"; };
		CE50557D1EFDF17400F596DB /* Info.plist */ = {isa = PBXFileReference; lastKnownFileType = text.plist.xml; path = Info.plist; sourceTree = "<group>"; };
		CE5055821EFDF17400F596DB /* estimoteSensorsUITests.xctest */ = {isa = PBXFileReference; explicitFileType = wrapper.cfbundle; includeInIndex = 0; path = estimoteSensorsUITests.xctest; sourceTree = BUILT_PRODUCTS_DIR; };
		CE5055861EFDF17400F596DB /* estimoteSensorsUITests.swift */ = {isa = PBXFileReference; lastKnownFileType = sourcecode.swift; path = estimoteSensorsUITests.swift; sourceTree = "<group>"; };
		CE5055881EFDF17400F596DB /* Info.plist */ = {isa = PBXFileReference; lastKnownFileType = text.plist.xml; path = Info.plist; sourceTree = "<group>"; };
		CE65B2D71F27AFDB0076423D /* RangeViewController.swift */ = {isa = PBXFileReference; fileEncoding = 4; lastKnownFileType = sourcecode.swift; path = RangeViewController.swift; sourceTree = "<group>"; };
		CE65B2D91F2814840076423D /* nearableData.swift */ = {isa = PBXFileReference; fileEncoding = 4; lastKnownFileType = sourcecode.swift; path = nearableData.swift; sourceTree = "<group>"; };
		CE65B2DB1F2A6C0E0076423D /* DebugTableViewCell.swift */ = {isa = PBXFileReference; fileEncoding = 4; lastKnownFileType = sourcecode.swift; path = DebugTableViewCell.swift; sourceTree = "<group>"; };
		CEEA0E431F33189000D9954B /* ModelFunctions.swift */ = {isa = PBXFileReference; fileEncoding = 4; lastKnownFileType = sourcecode.swift; path = ModelFunctions.swift; sourceTree = "<group>"; };
		CEFEAA841F3D8A4E00A2795F /* comments.swift */ = {isa = PBXFileReference; fileEncoding = 4; lastKnownFileType = sourcecode.swift; path = comments.swift; sourceTree = "<group>"; };
/* End PBXFileReference section */

/* Begin PBXFrameworksBuildPhase section */
		CE50555D1EFDF17400F596DB /* Frameworks */ = {
			isa = PBXFrameworksBuildPhase;
			buildActionMask = 2147483647;
			files = (
				F1EF73875AF92F9C46EC79F4 /* Pods_estimoteSensors.framework in Frameworks */,
			);
			runOnlyForDeploymentPostprocessing = 0;
		};
		CE5055741EFDF17400F596DB /* Frameworks */ = {
			isa = PBXFrameworksBuildPhase;
			buildActionMask = 2147483647;
			files = (
				0837EBCBC46408CC523423BB /* Pods_estimoteSensorsTests.framework in Frameworks */,
			);
			runOnlyForDeploymentPostprocessing = 0;
		};
		CE50557F1EFDF17400F596DB /* Frameworks */ = {
			isa = PBXFrameworksBuildPhase;
			buildActionMask = 2147483647;
			files = (
				F89056C586018BE303FFF764 /* Pods_estimoteSensorsUITests.framework in Frameworks */,
			);
			runOnlyForDeploymentPostprocessing = 0;
		};
/* End PBXFrameworksBuildPhase section */

/* Begin PBXGroup section */
		A885095B15CD39E67F700C83 /* Frameworks */ = {
			isa = PBXGroup;
			children = (
				214817F5785E1026EE459673 /* Pods_estimoteSensors.framework */,
				CCA9693B9C150481BD06C2E4 /* Pods_estimoteSensorsTests.framework */,
				610F555B9B8488CB8D95AE14 /* Pods_estimoteSensorsUITests.framework */,
			);
			name = Frameworks;
			sourceTree = "<group>";
		};
		C9CEA11D2CFD499BEE0E4006 /* Pods */ = {
			isa = PBXGroup;
			children = (
				07BA87567874460F6F1949C9 /* Pods-estimoteSensors.debug.xcconfig */,
				604E6F3275AD0809D5EB3BC7 /* Pods-estimoteSensors.release.xcconfig */,
				71D28950B7EC4D740BB6C568 /* Pods-estimoteSensorsTests.debug.xcconfig */,
				572A49E9A6FFC16F32938524 /* Pods-estimoteSensorsTests.release.xcconfig */,
				64CC7D076CB51F2D3D71B1C3 /* Pods-estimoteSensorsUITests.debug.xcconfig */,
				4E8A5464F8375A3B14BAB7A7 /* Pods-estimoteSensorsUITests.release.xcconfig */,
			);
			name = Pods;
			sourceTree = "<group>";
		};
		CE5055571EFDF17400F596DB = {
			isa = PBXGroup;
			children = (
				CE5055621EFDF17400F596DB /* estimoteSensors */,
				CE50557A1EFDF17400F596DB /* estimoteSensorsTests */,
				CE5055851EFDF17400F596DB /* estimoteSensorsUITests */,
				CE5055611EFDF17400F596DB /* Products */,
				C9CEA11D2CFD499BEE0E4006 /* Pods */,
				A885095B15CD39E67F700C83 /* Frameworks */,
			);
			sourceTree = "<group>";
		};
		CE5055611EFDF17400F596DB /* Products */ = {
			isa = PBXGroup;
			children = (
				CE5055601EFDF17400F596DB /* estimoteSensors.app */,
				CE5055771EFDF17400F596DB /* estimoteSensorsTests.xctest */,
				CE5055821EFDF17400F596DB /* estimoteSensorsUITests.xctest */,
			);
			name = Products;
			sourceTree = "<group>";
		};
		CE5055621EFDF17400F596DB /* estimoteSensors */ = {
			isa = PBXGroup;
			children = (
				CE5055631EFDF17400F596DB /* AppDelegate.swift */,
				CE5055651EFDF17400F596DB /* ViewController.swift */,
				CEEA0E431F33189000D9954B /* ModelFunctions.swift */,
				CE65B2D71F27AFDB0076423D /* RangeViewController.swift */,
				CE65B2D91F2814840076423D /* nearableData.swift */,
				CE0A7BBD1F183A6F00541727 /* LoginViewControllerEstimote.swift */,
				CE5055671EFDF17400F596DB /* Main.storyboard */,
				CE50556D1EFDF17400F596DB /* Assets.xcassets */,
				CE50556F1EFDF17400F596DB /* LaunchScreen.storyboard */,
				CE5055721EFDF17400F596DB /* Info.plist */,
				CE50556A1EFDF17400F596DB /* estimoteSensors.xcdatamodeld */,
				CE2A3F681F182F1600D89651 /* GoogleService-Info.plist */,
				CE0BDBC71F01852E00D4FFFD /* ObjCBridge.h */,
				CE4EB65D1F16C691000FF48B /* NearableInformation.swift */,
				CE65B2DB1F2A6C0E0076423D /* DebugTableViewCell.swift */,
				CEFEAA841F3D8A4E00A2795F /* comments.swift */,
			);
			path = estimoteSensors;
			sourceTree = "<group>";
		};
		CE50557A1EFDF17400F596DB /* estimoteSensorsTests */ = {
			isa = PBXGroup;
			children = (
				CE50557B1EFDF17400F596DB /* estimoteSensorsTests.swift */,
				CE50557D1EFDF17400F596DB /* Info.plist */,
			);
			path = estimoteSensorsTests;
			sourceTree = "<group>";
		};
		CE5055851EFDF17400F596DB /* estimoteSensorsUITests */ = {
			isa = PBXGroup;
			children = (
				CE5055861EFDF17400F596DB /* estimoteSensorsUITests.swift */,
				CE5055881EFDF17400F596DB /* Info.plist */,
			);
			path = estimoteSensorsUITests;
			sourceTree = "<group>";
		};
/* End PBXGroup section */

/* Begin PBXNativeTarget section */
		CE50555F1EFDF17400F596DB /* estimoteSensors */ = {
			isa = PBXNativeTarget;
			buildConfigurationList = CE50558B1EFDF17400F596DB /* Build configuration list for PBXNativeTarget "estimoteSensors" */;
			buildPhases = (
				8F528D6D7B3EED75E818757C /* [CP] Check Pods Manifest.lock */,
				CE50555C1EFDF17400F596DB /* Sources */,
				CE50555D1EFDF17400F596DB /* Frameworks */,
				CE50555E1EFDF17400F596DB /* Resources */,
				FF64C14550B48474905B0717 /* [CP] Embed Pods Frameworks */,
				CB0126EA526612C692E6D268 /* [CP] Copy Pods Resources */,
			);
			buildRules = (
			);
			dependencies = (
			);
			name = estimoteSensors;
			productName = estimoteSensors;
			productReference = CE5055601EFDF17400F596DB /* estimoteSensors.app */;
			productType = "com.apple.product-type.application";
		};
		CE5055761EFDF17400F596DB /* estimoteSensorsTests */ = {
			isa = PBXNativeTarget;
			buildConfigurationList = CE50558E1EFDF17400F596DB /* Build configuration list for PBXNativeTarget "estimoteSensorsTests" */;
			buildPhases = (
				B7751B1D202DDA75DFF30226 /* [CP] Check Pods Manifest.lock */,
				CE5055731EFDF17400F596DB /* Sources */,
				CE5055741EFDF17400F596DB /* Frameworks */,
				CE5055751EFDF17400F596DB /* Resources */,
				48161D303ABC9F617BBFD5D2 /* [CP] Embed Pods Frameworks */,
				D5FC7C75D3DCC64887484E36 /* [CP] Copy Pods Resources */,
			);
			buildRules = (
			);
			dependencies = (
				CE5055791EFDF17400F596DB /* PBXTargetDependency */,
			);
			name = estimoteSensorsTests;
			productName = estimoteSensorsTests;
			productReference = CE5055771EFDF17400F596DB /* estimoteSensorsTests.xctest */;
			productType = "com.apple.product-type.bundle.unit-test";
		};
		CE5055811EFDF17400F596DB /* estimoteSensorsUITests */ = {
			isa = PBXNativeTarget;
			buildConfigurationList = CE5055911EFDF17400F596DB /* Build configuration list for PBXNativeTarget "estimoteSensorsUITests" */;
			buildPhases = (
				3EEAA879FF5F71B996B90561 /* [CP] Check Pods Manifest.lock */,
				CE50557E1EFDF17400F596DB /* Sources */,
				CE50557F1EFDF17400F596DB /* Frameworks */,
				CE5055801EFDF17400F596DB /* Resources */,
				F02F6BFA147E72AB43441C0C /* [CP] Embed Pods Frameworks */,
				FDBE2A0A36D4A078E5AE1558 /* [CP] Copy Pods Resources */,
			);
			buildRules = (
			);
			dependencies = (
				CE5055841EFDF17400F596DB /* PBXTargetDependency */,
			);
			name = estimoteSensorsUITests;
			productName = estimoteSensorsUITests;
			productReference = CE5055821EFDF17400F596DB /* estimoteSensorsUITests.xctest */;
			productType = "com.apple.product-type.bundle.ui-testing";
		};
/* End PBXNativeTarget section */

/* Begin PBXProject section */
		CE5055581EFDF17400F596DB /* Project object */ = {
			isa = PBXProject;
			attributes = {
				LastSwiftUpdateCheck = 0830;
				LastUpgradeCheck = 0830;
				ORGANIZATIONNAME = ishgupta;
				TargetAttributes = {
					CE50555F1EFDF17400F596DB = {
						CreatedOnToolsVersion = 8.3.2;
						DevelopmentTeam = VFH547A942;
						ProvisioningStyle = Automatic;
						SystemCapabilities = {
							com.apple.BackgroundModes = {
								enabled = 1;
							};
						};
					};
					CE5055761EFDF17400F596DB = {
						CreatedOnToolsVersion = 8.3.2;
						DevelopmentTeam = VFH547A942;
						ProvisioningStyle = Automatic;
						TestTargetID = CE50555F1EFDF17400F596DB;
					};
					CE5055811EFDF17400F596DB = {
						CreatedOnToolsVersion = 8.3.2;
						DevelopmentTeam = VFH547A942;
						ProvisioningStyle = Automatic;
						TestTargetID = CE50555F1EFDF17400F596DB;
					};
				};
			};
			buildConfigurationList = CE50555B1EFDF17400F596DB /* Build configuration list for PBXProject "estimoteSensors" */;
			compatibilityVersion = "Xcode 3.2";
			developmentRegion = English;
			hasScannedForEncodings = 0;
			knownRegions = (
				en,
				Base,
			);
			mainGroup = CE5055571EFDF17400F596DB;
			productRefGroup = CE5055611EFDF17400F596DB /* Products */;
			projectDirPath = "";
			projectRoot = "";
			targets = (
				CE50555F1EFDF17400F596DB /* estimoteSensors */,
				CE5055761EFDF17400F596DB /* estimoteSensorsTests */,
				CE5055811EFDF17400F596DB /* estimoteSensorsUITests */,
			);
		};
/* End PBXProject section */

/* Begin PBXResourcesBuildPhase section */
		CE50555E1EFDF17400F596DB /* Resources */ = {
			isa = PBXResourcesBuildPhase;
			buildActionMask = 2147483647;
			files = (
				CE5055711EFDF17400F596DB /* LaunchScreen.storyboard in Resources */,
				CE50556E1EFDF17400F596DB /* Assets.xcassets in Resources */,
				CE5055691EFDF17400F596DB /* Main.storyboard in Resources */,
				CE2A3F691F182F1600D89651 /* GoogleService-Info.plist in Resources */,
			);
			runOnlyForDeploymentPostprocessing = 0;
		};
		CE5055751EFDF17400F596DB /* Resources */ = {
			isa = PBXResourcesBuildPhase;
			buildActionMask = 2147483647;
			files = (
			);
			runOnlyForDeploymentPostprocessing = 0;
		};
		CE5055801EFDF17400F596DB /* Resources */ = {
			isa = PBXResourcesBuildPhase;
			buildActionMask = 2147483647;
			files = (
			);
			runOnlyForDeploymentPostprocessing = 0;
		};
/* End PBXResourcesBuildPhase section */

/* Begin PBXShellScriptBuildPhase section */
		3EEAA879FF5F71B996B90561 /* [CP] Check Pods Manifest.lock */ = {
			isa = PBXShellScriptBuildPhase;
			buildActionMask = 2147483647;
			files = (
			);
			inputPaths = (
			);
			name = "[CP] Check Pods Manifest.lock";
			outputPaths = (
			);
			runOnlyForDeploymentPostprocessing = 0;
			shellPath = /bin/sh;
			shellScript = "diff \"${PODS_PODFILE_DIR_PATH}/Podfile.lock\" \"${PODS_ROOT}/Manifest.lock\" > /dev/null\nif [ $? != 0 ] ; then\n    # print error to STDERR\n    echo \"error: The sandbox is not in sync with the Podfile.lock. Run 'pod install' or update your CocoaPods installation.\" >&2\n    exit 1\nfi\n";
			showEnvVarsInLog = 0;
		};
		48161D303ABC9F617BBFD5D2 /* [CP] Embed Pods Frameworks */ = {
			isa = PBXShellScriptBuildPhase;
			buildActionMask = 2147483647;
			files = (
			);
			inputPaths = (
			);
			name = "[CP] Embed Pods Frameworks";
			outputPaths = (
			);
			runOnlyForDeploymentPostprocessing = 0;
			shellPath = /bin/sh;
			shellScript = "\"${SRCROOT}/Pods/Target Support Files/Pods-estimoteSensorsTests/Pods-estimoteSensorsTests-frameworks.sh\"\n";
			showEnvVarsInLog = 0;
		};
		8F528D6D7B3EED75E818757C /* [CP] Check Pods Manifest.lock */ = {
			isa = PBXShellScriptBuildPhase;
			buildActionMask = 2147483647;
			files = (
			);
			inputPaths = (
			);
			name = "[CP] Check Pods Manifest.lock";
			outputPaths = (
			);
			runOnlyForDeploymentPostprocessing = 0;
			shellPath = /bin/sh;
			shellScript = "diff \"${PODS_PODFILE_DIR_PATH}/Podfile.lock\" \"${PODS_ROOT}/Manifest.lock\" > /dev/null\nif [ $? != 0 ] ; then\n    # print error to STDERR\n    echo \"error: The sandbox is not in sync with the Podfile.lock. Run 'pod install' or update your CocoaPods installation.\" >&2\n    exit 1\nfi\n";
			showEnvVarsInLog = 0;
		};
		B7751B1D202DDA75DFF30226 /* [CP] Check Pods Manifest.lock */ = {
			isa = PBXShellScriptBuildPhase;
			buildActionMask = 2147483647;
			files = (
			);
			inputPaths = (
			);
			name = "[CP] Check Pods Manifest.lock";
			outputPaths = (
			);
			runOnlyForDeploymentPostprocessing = 0;
			shellPath = /bin/sh;
			shellScript = "diff \"${PODS_PODFILE_DIR_PATH}/Podfile.lock\" \"${PODS_ROOT}/Manifest.lock\" > /dev/null\nif [ $? != 0 ] ; then\n    # print error to STDERR\n    echo \"error: The sandbox is not in sync with the Podfile.lock. Run 'pod install' or update your CocoaPods installation.\" >&2\n    exit 1\nfi\n";
			showEnvVarsInLog = 0;
		};
		CB0126EA526612C692E6D268 /* [CP] Copy Pods Resources */ = {
			isa = PBXShellScriptBuildPhase;
			buildActionMask = 2147483647;
			files = (
			);
			inputPaths = (
			);
			name = "[CP] Copy Pods Resources";
			outputPaths = (
			);
			runOnlyForDeploymentPostprocessing = 0;
			shellPath = /bin/sh;
			shellScript = "\"${SRCROOT}/Pods/Target Support Files/Pods-estimoteSensors/Pods-estimoteSensors-resources.sh\"\n";
			showEnvVarsInLog = 0;
		};
		D5FC7C75D3DCC64887484E36 /* [CP] Copy Pods Resources */ = {
			isa = PBXShellScriptBuildPhase;
			buildActionMask = 2147483647;
			files = (
			);
			inputPaths = (
			);
			name = "[CP] Copy Pods Resources";
			outputPaths = (
			);
			runOnlyForDeploymentPostprocessing = 0;
			shellPath = /bin/sh;
			shellScript = "\"${SRCROOT}/Pods/Target Support Files/Pods-estimoteSensorsTests/Pods-estimoteSensorsTests-resources.sh\"\n";
			showEnvVarsInLog = 0;
		};
		F02F6BFA147E72AB43441C0C /* [CP] Embed Pods Frameworks */ = {
			isa = PBXShellScriptBuildPhase;
			buildActionMask = 2147483647;
			files = (
			);
			inputPaths = (
			);
			name = "[CP] Embed Pods Frameworks";
			outputPaths = (
			);
			runOnlyForDeploymentPostprocessing = 0;
			shellPath = /bin/sh;
			shellScript = "\"${SRCROOT}/Pods/Target Support Files/Pods-estimoteSensorsUITests/Pods-estimoteSensorsUITests-frameworks.sh\"\n";
			showEnvVarsInLog = 0;
		};
		FDBE2A0A36D4A078E5AE1558 /* [CP] Copy Pods Resources */ = {
			isa = PBXShellScriptBuildPhase;
			buildActionMask = 2147483647;
			files = (
			);
			inputPaths = (
			);
			name = "[CP] Copy Pods Resources";
			outputPaths = (
			);
			runOnlyForDeploymentPostprocessing = 0;
			shellPath = /bin/sh;
			shellScript = "\"${SRCROOT}/Pods/Target Support Files/Pods-estimoteSensorsUITests/Pods-estimoteSensorsUITests-resources.sh\"\n";
			showEnvVarsInLog = 0;
		};
		FF64C14550B48474905B0717 /* [CP] Embed Pods Frameworks */ = {
			isa = PBXShellScriptBuildPhase;
			buildActionMask = 2147483647;
			files = (
			);
			inputPaths = (
			);
			name = "[CP] Embed Pods Frameworks";
			outputPaths = (
			);
			runOnlyForDeploymentPostprocessing = 0;
			shellPath = /bin/sh;
			shellScript = "\"${SRCROOT}/Pods/Target Support Files/Pods-estimoteSensors/Pods-estimoteSensors-frameworks.sh\"\n";
			showEnvVarsInLog = 0;
		};
/* End PBXShellScriptBuildPhase section */

/* Begin PBXSourcesBuildPhase section */
		CE50555C1EFDF17400F596DB /* Sources */ = {
			isa = PBXSourcesBuildPhase;
			buildActionMask = 2147483647;
			files = (
				CE4EB65E1F16C691000FF48B /* NearableInformation.swift in Sources */,
				CEFEAA851F3D8A4E00A2795F /* comments.swift in Sources */,
				CE5055661EFDF17400F596DB /* ViewController.swift in Sources */,
				CE65B2DA1F2814840076423D /* nearableData.swift in Sources */,
				CE65B2D81F27AFDB0076423D /* RangeViewController.swift in Sources */,
				CE50556C1EFDF17400F596DB /* estimoteSensors.xcdatamodeld in Sources */,
				CEEA0E441F33189000D9954B /* ModelFunctions.swift in Sources */,
				CE65B2DC1F2A6C0E0076423D /* DebugTableViewCell.swift in Sources */,
				CE5055641EFDF17400F596DB /* AppDelegate.swift in Sources */,
				CE0A7BBE1F183A6F00541727 /* LoginViewControllerEstimote.swift in Sources */,
			);
			runOnlyForDeploymentPostprocessing = 0;
		};
		CE5055731EFDF17400F596DB /* Sources */ = {
			isa = PBXSourcesBuildPhase;
			buildActionMask = 2147483647;
			files = (
				CE50557C1EFDF17400F596DB /* estimoteSensorsTests.swift in Sources */,
			);
			runOnlyForDeploymentPostprocessing = 0;
		};
		CE50557E1EFDF17400F596DB /* Sources */ = {
			isa = PBXSourcesBuildPhase;
			buildActionMask = 2147483647;
			files = (
				CE5055871EFDF17400F596DB /* estimoteSensorsUITests.swift in Sources */,
			);
			runOnlyForDeploymentPostprocessing = 0;
		};
/* End PBXSourcesBuildPhase section */

/* Begin PBXTargetDependency section */
		CE5055791EFDF17400F596DB /* PBXTargetDependency */ = {
			isa = PBXTargetDependency;
			target = CE50555F1EFDF17400F596DB /* estimoteSensors */;
			targetProxy = CE5055781EFDF17400F596DB /* PBXContainerItemProxy */;
		};
		CE5055841EFDF17400F596DB /* PBXTargetDependency */ = {
			isa = PBXTargetDependency;
			target = CE50555F1EFDF17400F596DB /* estimoteSensors */;
			targetProxy = CE5055831EFDF17400F596DB /* PBXContainerItemProxy */;
		};
/* End PBXTargetDependency section */

/* Begin PBXVariantGroup section */
		CE5055671EFDF17400F596DB /* Main.storyboard */ = {
			isa = PBXVariantGroup;
			children = (
				CE5055681EFDF17400F596DB /* Base */,
			);
			name = Main.storyboard;
			sourceTree = "<group>";
		};
		CE50556F1EFDF17400F596DB /* LaunchScreen.storyboard */ = {
			isa = PBXVariantGroup;
			children = (
				CE5055701EFDF17400F596DB /* Base */,
			);
			name = LaunchScreen.storyboard;
			sourceTree = "<group>";
		};
/* End PBXVariantGroup section */

/* Begin XCBuildConfiguration section */
		CE5055891EFDF17400F596DB /* Debug */ = {
			isa = XCBuildConfiguration;
			buildSettings = {
				ALWAYS_SEARCH_USER_PATHS = NO;
				CLANG_ANALYZER_NONNULL = YES;
				CLANG_ANALYZER_NUMBER_OBJECT_CONVERSION = YES_AGGRESSIVE;
				CLANG_CXX_LANGUAGE_STANDARD = "gnu++0x";
				CLANG_CXX_LIBRARY = "libc++";
				CLANG_ENABLE_MODULES = YES;
				CLANG_ENABLE_OBJC_ARC = YES;
				CLANG_WARN_BOOL_CONVERSION = YES;
				CLANG_WARN_CONSTANT_CONVERSION = YES;
				CLANG_WARN_DIRECT_OBJC_ISA_USAGE = YES_ERROR;
				CLANG_WARN_DOCUMENTATION_COMMENTS = YES;
				CLANG_WARN_EMPTY_BODY = YES;
				CLANG_WARN_ENUM_CONVERSION = YES;
				CLANG_WARN_INFINITE_RECURSION = YES;
				CLANG_WARN_INT_CONVERSION = YES;
				CLANG_WARN_OBJC_ROOT_CLASS = YES_ERROR;
				CLANG_WARN_SUSPICIOUS_MOVE = YES;
				CLANG_WARN_UNREACHABLE_CODE = YES;
				CLANG_WARN__DUPLICATE_METHOD_MATCH = YES;
				"CODE_SIGN_IDENTITY[sdk=iphoneos*]" = "iPhone Developer";
				COPY_PHASE_STRIP = NO;
				DEBUG_INFORMATION_FORMAT = dwarf;
				ENABLE_STRICT_OBJC_MSGSEND = YES;
				ENABLE_TESTABILITY = YES;
				GCC_C_LANGUAGE_STANDARD = gnu99;
				GCC_DYNAMIC_NO_PIC = NO;
				GCC_NO_COMMON_BLOCKS = YES;
				GCC_OPTIMIZATION_LEVEL = 0;
				GCC_PREPROCESSOR_DEFINITIONS = (
					"DEBUG=1",
					"$(inherited)",
				);
				GCC_WARN_64_TO_32_BIT_CONVERSION = YES;
				GCC_WARN_ABOUT_RETURN_TYPE = YES_ERROR;
				GCC_WARN_UNDECLARED_SELECTOR = YES;
				GCC_WARN_UNINITIALIZED_AUTOS = YES_AGGRESSIVE;
				GCC_WARN_UNUSED_FUNCTION = YES;
				GCC_WARN_UNUSED_VARIABLE = YES;
				IPHONEOS_DEPLOYMENT_TARGET = 10.3;
				MTL_ENABLE_DEBUG_INFO = YES;
				ONLY_ACTIVE_ARCH = YES;
				SDKROOT = iphoneos;
				SWIFT_ACTIVE_COMPILATION_CONDITIONS = DEBUG;
				SWIFT_OPTIMIZATION_LEVEL = "-Onone";
				TARGETED_DEVICE_FAMILY = "1,2";
			};
			name = Debug;
		};
		CE50558A1EFDF17400F596DB /* Release */ = {
			isa = XCBuildConfiguration;
			buildSettings = {
				ALWAYS_SEARCH_USER_PATHS = NO;
				CLANG_ANALYZER_NONNULL = YES;
				CLANG_ANALYZER_NUMBER_OBJECT_CONVERSION = YES_AGGRESSIVE;
				CLANG_CXX_LANGUAGE_STANDARD = "gnu++0x";
				CLANG_CXX_LIBRARY = "libc++";
				CLANG_ENABLE_MODULES = YES;
				CLANG_ENABLE_OBJC_ARC = YES;
				CLANG_WARN_BOOL_CONVERSION = YES;
				CLANG_WARN_CONSTANT_CONVERSION = YES;
				CLANG_WARN_DIRECT_OBJC_ISA_USAGE = YES_ERROR;
				CLANG_WARN_DOCUMENTATION_COMMENTS = YES;
				CLANG_WARN_EMPTY_BODY = YES;
				CLANG_WARN_ENUM_CONVERSION = YES;
				CLANG_WARN_INFINITE_RECURSION = YES;
				CLANG_WARN_INT_CONVERSION = YES;
				CLANG_WARN_OBJC_ROOT_CLASS = YES_ERROR;
				CLANG_WARN_SUSPICIOUS_MOVE = YES;
				CLANG_WARN_UNREACHABLE_CODE = YES;
				CLANG_WARN__DUPLICATE_METHOD_MATCH = YES;
				CODE_SIGN_IDENTITY = "iPhone Developer";
				"CODE_SIGN_IDENTITY[sdk=iphoneos*]" = "iPhone Developer";
				COPY_PHASE_STRIP = NO;
				DEBUG_INFORMATION_FORMAT = "dwarf-with-dsym";
				ENABLE_NS_ASSERTIONS = NO;
				ENABLE_STRICT_OBJC_MSGSEND = YES;
				GCC_C_LANGUAGE_STANDARD = gnu99;
				GCC_NO_COMMON_BLOCKS = YES;
				GCC_WARN_64_TO_32_BIT_CONVERSION = YES;
				GCC_WARN_ABOUT_RETURN_TYPE = YES_ERROR;
				GCC_WARN_UNDECLARED_SELECTOR = YES;
				GCC_WARN_UNINITIALIZED_AUTOS = YES_AGGRESSIVE;
				GCC_WARN_UNUSED_FUNCTION = YES;
				GCC_WARN_UNUSED_VARIABLE = YES;
				IPHONEOS_DEPLOYMENT_TARGET = 10.3;
				MTL_ENABLE_DEBUG_INFO = NO;
				SDKROOT = iphoneos;
				SWIFT_OPTIMIZATION_LEVEL = "-Owholemodule";
				TARGETED_DEVICE_FAMILY = "1,2";
				VALIDATE_PRODUCT = YES;
			};
			name = Release;
		};
		CE50558C1EFDF17400F596DB /* Debug */ = {
			isa = XCBuildConfiguration;
			baseConfigurationReference = 07BA87567874460F6F1949C9 /* Pods-estimoteSensors.debug.xcconfig */;
			buildSettings = {
				ASSETCATALOG_COMPILER_APPICON_NAME = AppIcon;
				ASSETCATALOG_COMPILER_LAUNCHIMAGE_NAME = LaunchImage;
				DEVELOPMENT_TEAM = VFH547A942;
				INFOPLIST_FILE = estimoteSensors/Info.plist;
				IPHONEOS_DEPLOYMENT_TARGET = 10.0;
				LD_RUNPATH_SEARCH_PATHS = "$(inherited) @executable_path/Frameworks";
				PRODUCT_BUNDLE_IDENTIFIER = com.ishangupta3.estimoteSensors;
				PRODUCT_NAME = "$(TARGET_NAME)";
				SWIFT_OBJC_BRIDGING_HEADER = "${PROJECT_NAME}/ObjCBridge.h";
				SWIFT_VERSION = 3.0;
			};
			name = Debug;
		};
		CE50558D1EFDF17400F596DB /* Release */ = {
			isa = XCBuildConfiguration;
			baseConfigurationReference = 604E6F3275AD0809D5EB3BC7 /* Pods-estimoteSensors.release.xcconfig */;
			buildSettings = {
				ASSETCATALOG_COMPILER_APPICON_NAME = AppIcon;
				ASSETCATALOG_COMPILER_LAUNCHIMAGE_NAME = LaunchImage;
				DEVELOPMENT_TEAM = VFH547A942;
				INFOPLIST_FILE = estimoteSensors/Info.plist;
				IPHONEOS_DEPLOYMENT_TARGET = 10.0;
				LD_RUNPATH_SEARCH_PATHS = "$(inherited) @executable_path/Frameworks";
				PRODUCT_BUNDLE_IDENTIFIER = com.ishangupta3.estimoteSensors;
				PRODUCT_NAME = "$(TARGET_NAME)";
				SWIFT_OBJC_BRIDGING_HEADER = "${PROJECT_NAME}/ObjCBridge.h";
				SWIFT_VERSION = 3.0;
			};
			name = Release;
		};
		CE50558F1EFDF17400F596DB /* Debug */ = {
			isa = XCBuildConfiguration;
			baseConfigurationReference = 71D28950B7EC4D740BB6C568 /* Pods-estimoteSensorsTests.debug.xcconfig */;
			buildSettings = {
				ALWAYS_EMBED_SWIFT_STANDARD_LIBRARIES = YES;
				BUNDLE_LOADER = "$(TEST_HOST)";
				DEVELOPMENT_TEAM = VFH547A942;
				INFOPLIST_FILE = estimoteSensorsTests/Info.plist;
				LD_RUNPATH_SEARCH_PATHS = "$(inherited) @executable_path/Frameworks @loader_path/Frameworks";
				PRODUCT_BUNDLE_IDENTIFIER = ishangupta3.estimoteSensorsTests;
				PRODUCT_NAME = "$(TARGET_NAME)";
				SWIFT_VERSION = 3.0;
				TEST_HOST = "$(BUILT_PRODUCTS_DIR)/estimoteSensors.app/estimoteSensors";
			};
			name = Debug;
		};
		CE5055901EFDF17400F596DB /* Release */ = {
			isa = XCBuildConfiguration;
			baseConfigurationReference = 572A49E9A6FFC16F32938524 /* Pods-estimoteSensorsTests.release.xcconfig */;
			buildSettings = {
				ALWAYS_EMBED_SWIFT_STANDARD_LIBRARIES = YES;
				BUNDLE_LOADER = "$(TEST_HOST)";
				DEVELOPMENT_TEAM = VFH547A942;
				INFOPLIST_FILE = estimoteSensorsTests/Info.plist;
				LD_RUNPATH_SEARCH_PATHS = "$(inherited) @executable_path/Frameworks @loader_path/Frameworks";
				PRODUCT_BUNDLE_IDENTIFIER = ishangupta3.estimoteSensorsTests;
				PRODUCT_NAME = "$(TARGET_NAME)";
				SWIFT_VERSION = 3.0;
				TEST_HOST = "$(BUILT_PRODUCTS_DIR)/estimoteSensors.app/estimoteSensors";
			};
			name = Release;
		};
		CE5055921EFDF17400F596DB /* Debug */ = {
			isa = XCBuildConfiguration;
			baseConfigurationReference = 64CC7D076CB51F2D3D71B1C3 /* Pods-estimoteSensorsUITests.debug.xcconfig */;
			buildSettings = {
				ALWAYS_EMBED_SWIFT_STANDARD_LIBRARIES = YES;
				DEVELOPMENT_TEAM = VFH547A942;
				INFOPLIST_FILE = estimoteSensorsUITests/Info.plist;
				LD_RUNPATH_SEARCH_PATHS = "$(inherited) @executable_path/Frameworks @loader_path/Frameworks";
				PRODUCT_BUNDLE_IDENTIFIER = ishangupta3.estimoteSensorsUITests;
				PRODUCT_NAME = "$(TARGET_NAME)";
				SWIFT_VERSION = 3.0;
				TEST_TARGET_NAME = estimoteSensors;
			};
			name = Debug;
		};
		CE5055931EFDF17400F596DB /* Release */ = {
			isa = XCBuildConfiguration;
			baseConfigurationReference = 4E8A5464F8375A3B14BAB7A7 /* Pods-estimoteSensorsUITests.release.xcconfig */;
			buildSettings = {
				ALWAYS_EMBED_SWIFT_STANDARD_LIBRARIES = YES;
				DEVELOPMENT_TEAM = VFH547A942;
				INFOPLIST_FILE = estimoteSensorsUITests/Info.plist;
				LD_RUNPATH_SEARCH_PATHS = "$(inherited) @executable_path/Frameworks @loader_path/Frameworks";
				PRODUCT_BUNDLE_IDENTIFIER = ishangupta3.estimoteSensorsUITests;
				PRODUCT_NAME = "$(TARGET_NAME)";
				SWIFT_VERSION = 3.0;
				TEST_TARGET_NAME = estimoteSensors;
			};
			name = Release;
		};
/* End XCBuildConfiguration section */

/* Begin XCConfigurationList section */
		CE50555B1EFDF17400F596DB /* Build configuration list for PBXProject "estimoteSensors" */ = {
			isa = XCConfigurationList;
			buildConfigurations = (
				CE5055891EFDF17400F596DB /* Debug */,
				CE50558A1EFDF17400F596DB /* Release */,
			);
			defaultConfigurationIsVisible = 0;
			defaultConfigurationName = Release;
		};
		CE50558B1EFDF17400F596DB /* Build configuration list for PBXNativeTarget "estimoteSensors" */ = {
			isa = XCConfigurationList;
			buildConfigurations = (
				CE50558C1EFDF17400F596DB /* Debug */,
				CE50558D1EFDF17400F596DB /* Release */,
			);
			defaultConfigurationIsVisible = 0;
			defaultConfigurationName = Release;
		};
		CE50558E1EFDF17400F596DB /* Build configuration list for PBXNativeTarget "estimoteSensorsTests" */ = {
			isa = XCConfigurationList;
			buildConfigurations = (
				CE50558F1EFDF17400F596DB /* Debug */,
				CE5055901EFDF17400F596DB /* Release */,
			);
			defaultConfigurationIsVisible = 0;
			defaultConfigurationName = Release;
		};
		CE5055911EFDF17400F596DB /* Build configuration list for PBXNativeTarget "estimoteSensorsUITests" */ = {
			isa = XCConfigurationList;
			buildConfigurations = (
				CE5055921EFDF17400F596DB /* Debug */,
				CE5055931EFDF17400F596DB /* Release */,
			);
			defaultConfigurationIsVisible = 0;
			defaultConfigurationName = Release;
		};
/* End XCConfigurationList section */

/* Begin XCVersionGroup section */
		CE50556A1EFDF17400F596DB /* estimoteSensors.xcdatamodeld */ = {
			isa = XCVersionGroup;
			children = (
				CE50556B1EFDF17400F596DB /* estimoteSensors.xcdatamodel */,
			);
			currentVersion = CE50556B1EFDF17400F596DB /* estimoteSensors.xcdatamodel */;
			path = estimoteSensors.xcdatamodeld;
			sourceTree = "<group>";
			versionGroupType = wrapper.xcdatamodel;
		};
/* End XCVersionGroup section */
	};
	rootObject = CE5055581EFDF17400F596DB /* Project object */;
}
